
Microsoft Visual Studio Solution File, Format Version 12.00
# Visual Studio Version 17
VisualStudioVersion = 17.11.35303.130
MinimumVisualStudioVersion = 10.0.40219.1
Project("{FAE04EC0-301F-11D3-BF4B-00C04F79EFBC}") = "TPMicroserviciosUsuarioBack", "TPMicroserviciosUsuarioBack\TPMicroserviciosUsuarioBack.csproj", "{10E9639A-8748-4598-9FAD-DF4C78A4CCF6}"
EndProject
Global
	GlobalSection(SolutionConfigurationPlatforms) = preSolution
		Debug|Any CPU = Debug|Any CPU
		Release|Any CPU = Release|Any CPU
	EndGlobalSection
	GlobalSection(ProjectConfigurationPlatforms) = postSolution
		{10E9639A-8748-4598-9FAD-DF4C78A4CCF6}.Debug|Any CPU.ActiveCfg = Debug|Any CPU
		{10E9639A-8748-4598-9FAD-DF4C78A4CCF6}.Debug|Any CPU.Build.0 = Debug|Any CPU
		{10E9639A-8748-4598-9FAD-DF4C78A4CCF6}.Release|Any CPU.ActiveCfg = Release|Any CPU
		{10E9639A-8748-4598-9FAD-DF4C78A4CCF6}.Release|Any CPU.Build.0 = Release|Any CPU
	EndGlobalSection
	GlobalSection(SolutionProperties) = preSolution
		HideSolutionNode = FALSE
	EndGlobalSection
	GlobalSection(ExtensibilityGlobals) = postSolution
		SolutionGuid = {65274E9A-B45A-4EBC-939E-DD0509A69AD3}
	EndGlobalSection
EndGlobal
